PODS:
  - IMGLYColorPicker (1.0.0)
  - RxBluetoothKit (3.0.7):
    - RxSwift (~> 3.2)
  - RxCocoa (3.2.0):
    - RxSwift (~> 3.1)
  - RxGesture (1.0.0):
    - RxCocoa (~> 3.0)
    - RxSwift (~> 3.0)
  - RxSwift (3.2.0)

DEPENDENCIES:
  - IMGLYColorPicker
  - RxBluetoothKit
  - RxGesture

SPEC CHECKSUMS:
  IMGLYColorPicker: 10e4c27a332009a0318877b098ffef462087f6f5
  RxBluetoothKit: edf26cc5a1edbee8eff59cb9d0af88ac4e95c847
  RxCocoa: ccdf43101a70407097a29082f648ba1676075b30
  RxGesture: df17ca8be513640294c544b3165875e91de665ec
  RxSwift: 46574f70d416b7923c237195939cc488a7fbf3a0

PODFILE CHECKSUM: e689cd01fdca43d0c693837b32264f0b02511255

COCOAPODS: 1.1.1
