// !$*UTF8*$!
{
	archiveVersion = 1;
	classes = {
	};
	objectVersion = 46;
	objects = {

/* Begin PBXBuildFile section */
		E82F969064B23ED6D522597F /* Pods_kulon.framework in Frameworks */ = {isa = PBXBuildFile; fileRef = 71CFAFB935F22B6DF069D93A /* Pods_kulon.framework */; };
		FD1F42F01EBB52BE008AE3ED /* UIColor.swift in Sources */ = {isa = PBXBuildFile; fileRef = FD1F42EF1EBB52BE008AE3ED /* UIColor.swift */; };
		FD5F9F421EA776A300BD79B1 /* AppDelegate.swift in Sources */ = {isa = PBXBuildFile; fileRef = FD5F9F411EA776A300BD79B1 /* AppDelegate.swift */; };
		FD5F9F441EA776A300BD79B1 /* BaseController.swift in Sources */ = {isa = PBXBuildFile; fileRef = FD5F9F431EA776A300BD79B1 /* BaseController.swift */; };
		FD5F9F461EA776A300BD79B1 /* StoreViewController.swift in Sources */ = {isa = PBXBuildFile; fileRef = FD5F9F451EA776A300BD79B1 /* StoreViewController.swift */; };
		FD5F9F491EA776A300BD79B1 /* Auth.storyboard in Resources */ = {isa = PBXBuildFile; fileRef = FD5F9F471EA776A300BD79B1 /* Auth.storyboard */; };
		FD5F9F4B1EA776A300BD79B1 /* Assets.xcassets in Resources */ = {isa = PBXBuildFile; fileRef = FD5F9F4A1EA776A300BD79B1 /* Assets.xcassets */; };
		FD5F9F4E1EA776A300BD79B1 /* LaunchScreen.storyboard in Resources */ = {isa = PBXBuildFile; fileRef = FD5F9F4C1EA776A300BD79B1 /* LaunchScreen.storyboard */; };
		FD5F9F561EA79ED700BD79B1 /* FloatingPoint.swift in Sources */ = {isa = PBXBuildFile; fileRef = FD5F9F551EA79ED700BD79B1 /* FloatingPoint.swift */; };
		FD5F9F581EA7BFB300BD79B1 /* RoundedButton.swift in Sources */ = {isa = PBXBuildFile; fileRef = FD5F9F571EA7BFB300BD79B1 /* RoundedButton.swift */; };
		FD5F9F5A1EA8073E00BD79B1 /* TopBarView.swift in Sources */ = {isa = PBXBuildFile; fileRef = FD5F9F591EA8073E00BD79B1 /* TopBarView.swift */; };
		FD5F9F5D1EA8093900BD79B1 /* TopBarBackgroundView.swift in Sources */ = {isa = PBXBuildFile; fileRef = FD5F9F5C1EA8093900BD79B1 /* TopBarBackgroundView.swift */; };
		FD5F9F601EA80CF500BD79B1 /* RoundedImageView.swift in Sources */ = {isa = PBXBuildFile; fileRef = FD5F9F5F1EA80CF500BD79B1 /* RoundedImageView.swift */; };
		FD7DDF161EB3BE7800B963DC /* BLEService.swift in Sources */ = {isa = PBXBuildFile; fileRef = FD7DDF151EB3BE7800B963DC /* BLEService.swift */; };
		FDA3CB0C1EBC8F4A0048AE71 /* AndaleMono.ttf in Resources */ = {isa = PBXBuildFile; fileRef = FDA3CB0B1EBC8F4A0048AE71 /* AndaleMono.ttf */; };
		FDC060341EB8D9D5007C6A71 /* EspandableButton.swift in Sources */ = {isa = PBXBuildFile; fileRef = FDC060331EB8D9D5007C6A71 /* EspandableButton.swift */; };
		FDC3AB101EBB36AF00141241 /* UITextField.swift in Sources */ = {isa = PBXBuildFile; fileRef = FDC3AB0F1EBB36AF00141241 /* UITextField.swift */; };
		FDC3AB121EBB428C00141241 /* TabBar.storyboard in Resources */ = {isa = PBXBuildFile; fileRef = FDC3AB111EBB428C00141241 /* TabBar.storyboard */; };
		FDC3AB141EBB42A800141241 /* MarketPlace.storyboard in Resources */ = {isa = PBXBuildFile; fileRef = FDC3AB131EBB42A800141241 /* MarketPlace.storyboard */; };
		FDC3AB161EBB460100141241 /* Acquired.storyboard in Resources */ = {isa = PBXBuildFile; fileRef = FDC3AB151EBB460100141241 /* Acquired.storyboard */; };
		FDC3AB181EBB463F00141241 /* MyImages.storyboard in Resources */ = {isa = PBXBuildFile; fileRef = FDC3AB171EBB463F00141241 /* MyImages.storyboard */; };
		FDC3AB1A1EBB465C00141241 /* Settings.storyboard in Resources */ = {isa = PBXBuildFile; fileRef = FDC3AB191EBB465C00141241 /* Settings.storyboard */; };
		FDC89DF61EBA3799004D3F9F /* RoundedView.swift in Sources */ = {isa = PBXBuildFile; fileRef = FDC89DF51EBA3799004D3F9F /* RoundedView.swift */; };
		FDC89DF91EBA4A2B004D3F9F /* PresentationAnimtor.swift in Sources */ = {isa = PBXBuildFile; fileRef = FDC89DF71EBA4A2B004D3F9F /* PresentationAnimtor.swift */; };
		FDC89DFA1EBA4A2B004D3F9F /* DismissAnimator.swift in Sources */ = {isa = PBXBuildFile; fileRef = FDC89DF81EBA4A2B004D3F9F /* DismissAnimator.swift */; };
		FDC89DFC1EBA4ABA004D3F9F /* AuthViewCoontroller.swift in Sources */ = {isa = PBXBuildFile; fileRef = FDC89DFB1EBA4ABA004D3F9F /* AuthViewCoontroller.swift */; };
		FDC89DFE1EBA4B4E004D3F9F /* RegistrationViewController.swift in Sources */ = {isa = PBXBuildFile; fileRef = FDC89DFD1EBA4B4E004D3F9F /* RegistrationViewController.swift */; };
		FDEAE6991EAAB26500B9F504 /* FavoritesViewController.swift in Sources */ = {isa = PBXBuildFile; fileRef = FDEAE6981EAAB26500B9F504 /* FavoritesViewController.swift */; };
/* End PBXBuildFile section */

/* Begin PBXFileReference section */
		71CFAFB935F22B6DF069D93A /* Pods_kulon.framework */ = {isa = PBXFileReference; explicitFileType = wrapper.framework; includeInIndex = 0; path = Pods_kulon.framework; sourceTree = BUILT_PRODUCTS_DIR; };
		72BB98DF18CBD9B63AF9681F /* Pods-kulon.release.xcconfig */ = {isa = PBXFileReference; includeInIndex = 1; lastKnownFileType = text.xcconfig; name = "Pods-kulon.release.xcconfig"; path = "Pods/Target Support Files/Pods-kulon/Pods-kulon.release.xcconfig"; sourceTree = "<group>"; };
		91E6D5B414977C880C7C4136 /* Pods-kulon.debug.xcconfig */ = {isa = PBXFileReference; includeInIndex = 1; lastKnownFileType = text.xcconfig; name = "Pods-kulon.debug.xcconfig"; path = "Pods/Target Support Files/Pods-kulon/Pods-kulon.debug.xcconfig"; sourceTree = "<group>"; };
		FD1F42EF1EBB52BE008AE3ED /* UIColor.swift */ = {isa = PBXFileReference; fileEncoding = 4; lastKnownFileType = sourcecode.swift; path = UIColor.swift; sourceTree = "<group>"; };
		FD5F9F3E1EA776A300BD79B1 /* kulon.app */ = {isa = PBXFileReference; explicitFileType = wrapper.application; includeInIndex = 0; path = kulon.app; sourceTree = BUILT_PRODUCTS_DIR; };
		FD5F9F411EA776A300BD79B1 /* AppDelegate.swift */ = {isa = PBXFileReference; lastKnownFileType = sourcecode.swift; path = AppDelegate.swift; sourceTree = "<group>"; };
		FD5F9F431EA776A300BD79B1 /* BaseController.swift */ = {isa = PBXFileReference; lastKnownFileType = sourcecode.swift; path = BaseController.swift; sourceTree = "<group>"; };
		FD5F9F451EA776A300BD79B1 /* StoreViewController.swift */ = {isa = PBXFileReference; lastKnownFileType = sourcecode.swift; path = StoreViewController.swift; sourceTree = "<group>"; };
		FD5F9F481EA776A300BD79B1 /* Base */ = {isa = PBXFileReference; lastKnownFileType = file.storyboard; name = Base; path = Base.lproj/Auth.storyboard; sourceTree = "<group>"; };
		FD5F9F4A1EA776A300BD79B1 /* Assets.xcassets */ = {isa = PBXFileReference; lastKnownFileType = folder.assetcatalog; path = Assets.xcassets; sourceTree = "<group>"; };
		FD5F9F4D1EA776A300BD79B1 /* Base */ = {isa = PBXFileReference; lastKnownFileType = file.storyboard; name = Base; path = Base.lproj/LaunchScreen.storyboard; sourceTree = "<group>"; };
		FD5F9F4F1EA776A300BD79B1 /* Info.plist */ = {isa = PBXFileReference; lastKnownFileType = text.plist.xml; path = Info.plist; sourceTree = "<group>"; };
		FD5F9F551EA79ED700BD79B1 /* FloatingPoint.swift */ = {isa = PBXFileReference; fileEncoding = 4; lastKnownFileType = sourcecode.swift; name = FloatingPoint.swift; path = Extensions/FloatingPoint.swift; sourceTree = "<group>"; };
		FD5F9F571EA7BFB300BD79B1 /* RoundedButton.swift */ = {isa = PBXFileReference; fileEncoding = 4; lastKnownFileType = sourcecode.swift; path = RoundedButton.swift; sourceTree = "<group>"; };
		FD5F9F591EA8073E00BD79B1 /* TopBarView.swift */ = {isa = PBXFileReference; fileEncoding = 4; lastKnownFileType = sourcecode.swift; name = TopBarView.swift; path = Views/TopBarView.swift; sourceTree = "<group>"; };
		FD5F9F5C1EA8093900BD79B1 /* TopBarBackgroundView.swift */ = {isa = PBXFileReference; fileEncoding = 4; lastKnownFileType = sourcecode.swift; name = TopBarBackgroundView.swift; path = Views/TopBarBackgroundView.swift; sourceTree = "<group>"; };
		FD5F9F5F1EA80CF500BD79B1 /* RoundedImageView.swift */ = {isa = PBXFileReference; fileEncoding = 4; lastKnownFileType = sourcecode.swift; path = RoundedImageView.swift; sourceTree = "<group>"; };
		FD7DDF151EB3BE7800B963DC /* BLEService.swift */ = {isa = PBXFileReference; fileEncoding = 4; lastKnownFileType = sourcecode.swift; path = BLEService.swift; sourceTree = "<group>"; };
		FDA3CB0B1EBC8F4A0048AE71 /* AndaleMono.ttf */ = {isa = PBXFileReference; lastKnownFileType = file; path = AndaleMono.ttf; sourceTree = "<group>"; };
		FDC060331EB8D9D5007C6A71 /* EspandableButton.swift */ = {isa = PBXFileReference; fileEncoding = 4; lastKnownFileType = sourcecode.swift; path = EspandableButton.swift; sourceTree = "<group>"; };
		FDC3AB0F1EBB36AF00141241 /* UITextField.swift */ = {isa = PBXFileReference; fileEncoding = 4; lastKnownFileType = sourcecode.swift; path = UITextField.swift; sourceTree = "<group>"; };
		FDC3AB111EBB428C00141241 /* TabBar.storyboard */ = {isa = PBXFileReference; fileEncoding = 4; lastKnownFileType = file.storyboard; path = TabBar.storyboard; sourceTree = "<group>"; };
		FDC3AB131EBB42A800141241 /* MarketPlace.storyboard */ = {isa = PBXFileReference; fileEncoding = 4; lastKnownFileType = file.storyboard; path = MarketPlace.storyboard; sourceTree = "<group>"; };
		FDC3AB151EBB460100141241 /* Acquired.storyboard */ = {isa = PBXFileReference; fileEncoding = 4; lastKnownFileType = file.storyboard; path = Acquired.storyboard; sourceTree = "<group>"; };
		FDC3AB171EBB463F00141241 /* MyImages.storyboard */ = {isa = PBXFileReference; fileEncoding = 4; lastKnownFileType = file.storyboard; path = MyImages.storyboard; sourceTree = "<group>"; };
		FDC3AB191EBB465C00141241 /* Settings.storyboard */ = {isa = PBXFileReference; fileEncoding = 4; lastKnownFileType = file.storyboard; path = Settings.storyboard; sourceTree = "<group>"; };
		FDC89DF51EBA3799004D3F9F /* RoundedView.swift */ = {isa = PBXFileReference; fileEncoding = 4; lastKnownFileType = sourcecode.swift; path = RoundedView.swift; sourceTree = "<group>"; };
		FDC89DF71EBA4A2B004D3F9F /* PresentationAnimtor.swift */ = {isa = PBXFileReference; fileEncoding = 4; lastKnownFileType = sourcecode.swift; path = PresentationAnimtor.swift; sourceTree = "<group>"; };
		FDC89DF81EBA4A2B004D3F9F /* DismissAnimator.swift */ = {isa = PBXFileReference; fileEncoding = 4; lastKnownFileType = sourcecode.swift; path = DismissAnimator.swift; sourceTree = "<group>"; };
		FDC89DFB1EBA4ABA004D3F9F /* AuthViewCoontroller.swift */ = {isa = PBXFileReference; fileEncoding = 4; lastKnownFileType = sourcecode.swift; path = AuthViewCoontroller.swift; sourceTree = "<group>"; };
		FDC89DFD1EBA4B4E004D3F9F /* RegistrationViewController.swift */ = {isa = PBXFileReference; fileEncoding = 4; lastKnownFileType = sourcecode.swift; path = RegistrationViewController.swift; sourceTree = "<group>"; };
		FDEAE6981EAAB26500B9F504 /* FavoritesViewController.swift */ = {isa = PBXFileReference; fileEncoding = 4; lastKnownFileType = sourcecode.swift; path = FavoritesViewController.swift; sourceTree = "<group>"; };
/* End PBXFileReference section */

/* Begin PBXFrameworksBuildPhase section */
		FD5F9F3B1EA776A200BD79B1 /* Frameworks */ = {
			isa = PBXFrameworksBuildPhase;
			buildActionMask = 2147483647;
			files = (
				E82F969064B23ED6D522597F /* Pods_kulon.framework in Frameworks */,
			);
			runOnlyForDeploymentPostprocessing = 0;
		};
/* End PBXFrameworksBuildPhase section */

/* Begin PBXGroup section */
		7C18980662C3862DB2A64FCC /* Pods */ = {
			isa = PBXGroup;
			children = (
				91E6D5B414977C880C7C4136 /* Pods-kulon.debug.xcconfig */,
				72BB98DF18CBD9B63AF9681F /* Pods-kulon.release.xcconfig */,
			);
			name = Pods;
			sourceTree = "<group>";
		};
		FCEBDA3AFE95C956D8ADDB16 /* Frameworks */ = {
			isa = PBXGroup;
			children = (
				71CFAFB935F22B6DF069D93A /* Pods_kulon.framework */,
			);
			name = Frameworks;
			sourceTree = "<group>";
		};
		FD5F9F351EA776A200BD79B1 = {
			isa = PBXGroup;
			children = (
				FD5F9F401EA776A300BD79B1 /* kulon */,
				FD5F9F3F1EA776A300BD79B1 /* Products */,
				7C18980662C3862DB2A64FCC /* Pods */,
				FCEBDA3AFE95C956D8ADDB16 /* Frameworks */,
			);
			sourceTree = "<group>";
		};
		FD5F9F3F1EA776A300BD79B1 /* Products */ = {
			isa = PBXGroup;
			children = (
				FD5F9F3E1EA776A300BD79B1 /* kulon.app */,
			);
			name = Products;
			sourceTree = "<group>";
		};
		FD5F9F401EA776A300BD79B1 /* kulon */ = {
			isa = PBXGroup;
			children = (
				FDC89DF71EBA4A2B004D3F9F /* PresentationAnimtor.swift */,
				FDC89DF81EBA4A2B004D3F9F /* DismissAnimator.swift */,
				FD7DDF151EB3BE7800B963DC /* BLEService.swift */,
				FD5F9F5E1EA80A9600BD79B1 /* Extensions */,
				FDEAE6971EAAB22E00B9F504 /* View controllers */,
				FD5F9F5B1EA8091A00BD79B1 /* Views */,
				FD5F9F411EA776A300BD79B1 /* AppDelegate.swift */,
				FD5F9F471EA776A300BD79B1 /* Auth.storyboard */,
				FDC3AB151EBB460100141241 /* Acquired.storyboard */,
				FDC3AB171EBB463F00141241 /* MyImages.storyboard */,
				FDC3AB191EBB465C00141241 /* Settings.storyboard */,
				FDC3AB131EBB42A800141241 /* MarketPlace.storyboard */,
				FDC3AB111EBB428C00141241 /* TabBar.storyboard */,
				FD5F9F4A1EA776A300BD79B1 /* Assets.xcassets */,
				FD5F9F4C1EA776A300BD79B1 /* LaunchScreen.storyboard */,
				FD5F9F4F1EA776A300BD79B1 /* Info.plist */,
				FDA3CB0B1EBC8F4A0048AE71 /* AndaleMono.ttf */,
				FD1F42EF1EBB52BE008AE3ED /* UIColor.swift */,
			);
			path = kulon;
			sourceTree = "<group>";
		};
		FD5F9F5B1EA8091A00BD79B1 /* Views */ = {
			isa = PBXGroup;
			children = (
				FD5F9F591EA8073E00BD79B1 /* TopBarView.swift */,
				FD5F9F571EA7BFB300BD79B1 /* RoundedButton.swift */,
				FDC89DF51EBA3799004D3F9F /* RoundedView.swift */,
				FD5F9F5C1EA8093900BD79B1 /* TopBarBackgroundView.swift */,
				FD5F9F5F1EA80CF500BD79B1 /* RoundedImageView.swift */,
				FDC060331EB8D9D5007C6A71 /* EspandableButton.swift */,
			);
			name = Views;
			sourceTree = "<group>";
		};
		FD5F9F5E1EA80A9600BD79B1 /* Extensions */ = {
			isa = PBXGroup;
			children = (
				FD5F9F551EA79ED700BD79B1 /* FloatingPoint.swift */,
				FDC3AB0F1EBB36AF00141241 /* UITextField.swift */,
			);
			name = Extensions;
			sourceTree = "<group>";
		};
		FDEAE6971EAAB22E00B9F504 /* View controllers */ = {
			isa = PBXGroup;
			children = (
				FD5F9F431EA776A300BD79B1 /* BaseController.swift */,
				FD5F9F451EA776A300BD79B1 /* StoreViewController.swift */,
				FDEAE6981EAAB26500B9F504 /* FavoritesViewController.swift */,
				FDC89DFB1EBA4ABA004D3F9F /* AuthViewCoontroller.swift */,
				FDC89DFD1EBA4B4E004D3F9F /* RegistrationViewController.swift */,
			);
			name = "View controllers";
			sourceTree = "<group>";
		};
/* End PBXGroup section */

/* Begin PBXNativeTarget section */
		FD5F9F3D1EA776A200BD79B1 /* kulon */ = {
			isa = PBXNativeTarget;
			buildConfigurationList = FD5F9F521EA776A300BD79B1 /* Build configuration list for PBXNativeTarget "kulon" */;
			buildPhases = (
				44B63AC53164D4C4D5D7E08B /* [CP] Check Pods Manifest.lock */,
				FD5F9F3A1EA776A200BD79B1 /* Sources */,
				FD5F9F3B1EA776A200BD79B1 /* Frameworks */,
				FD5F9F3C1EA776A200BD79B1 /* Resources */,
				1CF890285E6E01D33D9401CA /* [CP] Embed Pods Frameworks */,
				1F74252DCB7952D25EFBE05F /* [CP] Copy Pods Resources */,
			);
			buildRules = (
			);
			dependencies = (
			);
			name = kulon;
			productName = kulon;
			productReference = FD5F9F3E1EA776A300BD79B1 /* kulon.app */;
			productType = "com.apple.product-type.application";
		};
/* End PBXNativeTarget section */

/* Begin PBXProject section */
		FD5F9F361EA776A200BD79B1 /* Project object */ = {
			isa = PBXProject;
			attributes = {
				LastSwiftUpdateCheck = 0830;
				LastUpgradeCheck = 0830;
				ORGANIZATIONNAME = Jufy;
				TargetAttributes = {
					FD5F9F3D1EA776A200BD79B1 = {
						CreatedOnToolsVersion = 8.3.1;
						DevelopmentTeam = Y2V78VDHEV;
						ProvisioningStyle = Automatic;
					};
				};
			};
			buildConfigurationList = FD5F9F391EA776A200BD79B1 /* Build configuration list for PBXProject "kulon" */;
			compatibilityVersion = "Xcode 3.2";
			developmentRegion = English;
			hasScannedForEncodings = 0;
			knownRegions = (
				en,
				Base,
			);
			mainGroup = FD5F9F351EA776A200BD79B1;
			productRefGroup = FD5F9F3F1EA776A300BD79B1 /* Products */;
			projectDirPath = "";
			projectRoot = "";
			targets = (
				FD5F9F3D1EA776A200BD79B1 /* kulon */,
			);
		};
/* End PBXProject section */

/* Begin PBXResourcesBuildPhase section */
		FD5F9F3C1EA776A200BD79B1 /* Resources */ = {
			isa = PBXResourcesBuildPhase;
			buildActionMask = 2147483647;
			files = (
				FDC3AB181EBB463F00141241 /* MyImages.storyboard in Resources */,
				FDC3AB161EBB460100141241 /* Acquired.storyboard in Resources */,
				FDC3AB141EBB42A800141241 /* MarketPlace.storyboard in Resources */,
				FDC3AB1A1EBB465C00141241 /* Settings.storyboard in Resources */,
				FDC3AB121EBB428C00141241 /* TabBar.storyboard in Resources */,
				FD5F9F4E1EA776A300BD79B1 /* LaunchScreen.storyboard in Resources */,
				FD5F9F4B1EA776A300BD79B1 /* Assets.xcassets in Resources */,
				FDA3CB0C1EBC8F4A0048AE71 /* AndaleMono.ttf in Resources */,
				FD5F9F491EA776A300BD79B1 /* Auth.storyboard in Resources */,
			);
			runOnlyForDeploymentPostprocessing = 0;
		};
/* End PBXResourcesBuildPhase section */

/* Begin PBXShellScriptBuildPhase section */
		1CF890285E6E01D33D9401CA /* [CP] Embed Pods Frameworks */ = {
			isa = PBXShellScriptBuildPhase;
			buildActionMask = 2147483647;
			files = (
			);
			inputPaths = (
			);
			name = "[CP] Embed Pods Frameworks";
			outputPaths = (
			);
			runOnlyForDeploymentPostprocessing = 0;
			shellPath = /bin/sh;
			shellScript = "\"${SRCROOT}/Pods/Target Support Files/Pods-kulon/Pods-kulon-frameworks.sh\"\n";
			showEnvVarsInLog = 0;
		};
		1F74252DCB7952D25EFBE05F /* [CP] Copy Pods Resources */ = {
			isa = PBXShellScriptBuildPhase;
			buildActionMask = 2147483647;
			files = (
			);
			inputPaths = (
			);
			name = "[CP] Copy Pods Resources";
			outputPaths = (
			);
			runOnlyForDeploymentPostprocessing = 0;
			shellPath = /bin/sh;
			shellScript = "\"${SRCROOT}/Pods/Target Support Files/Pods-kulon/Pods-kulon-resources.sh\"\n";
			showEnvVarsInLog = 0;
		};
		44B63AC53164D4C4D5D7E08B /* [CP] Check Pods Manifest.lock */ = {
			isa = PBXShellScriptBuildPhase;
			buildActionMask = 2147483647;
			files = (
			);
			inputPaths = (
			);
			name = "[CP] Check Pods Manifest.lock";
			outputPaths = (
			);
			runOnlyForDeploymentPostprocessing = 0;
			shellPath = /bin/sh;
			shellScript = "diff \"${PODS_ROOT}/../Podfile.lock\" \"${PODS_ROOT}/Manifest.lock\" > /dev/null\nif [ $? != 0 ] ; then\n    # print error to STDERR\n    echo \"error: The sandbox is not in sync with the Podfile.lock. Run 'pod install' or update your CocoaPods installation.\" >&2\n    exit 1\nfi\n";
			showEnvVarsInLog = 0;
		};
/* End PBXShellScriptBuildPhase section */

/* Begin PBXSourcesBuildPhase section */
		FD5F9F3A1EA776A200BD79B1 /* Sources */ = {
			isa = PBXSourcesBuildPhase;
			buildActionMask = 2147483647;
			files = (
				FDC89DF91EBA4A2B004D3F9F /* PresentationAnimtor.swift in Sources */,
				FD5F9F601EA80CF500BD79B1 /* RoundedImageView.swift in Sources */,
				FD7DDF161EB3BE7800B963DC /* BLEService.swift in Sources */,
				FDEAE6991EAAB26500B9F504 /* FavoritesViewController.swift in Sources */,
				FD5F9F561EA79ED700BD79B1 /* FloatingPoint.swift in Sources */,
				FD5F9F581EA7BFB300BD79B1 /* RoundedButton.swift in Sources */,
				FDC3AB101EBB36AF00141241 /* UITextField.swift in Sources */,
				FD5F9F5D1EA8093900BD79B1 /* TopBarBackgroundView.swift in Sources */,
				FDC89DFC1EBA4ABA004D3F9F /* AuthViewCoontroller.swift in Sources */,
				FD5F9F461EA776A300BD79B1 /* StoreViewController.swift in Sources */,
				FD5F9F421EA776A300BD79B1 /* AppDelegate.swift in Sources */,
				FDC89DFE1EBA4B4E004D3F9F /* RegistrationViewController.swift in Sources */,
				FDC89DF61EBA3799004D3F9F /* RoundedView.swift in Sources */,
				FD1F42F01EBB52BE008AE3ED /* UIColor.swift in Sources */,
				FD5F9F5A1EA8073E00BD79B1 /* TopBarView.swift in Sources */,
				FD5F9F441EA776A300BD79B1 /* BaseController.swift in Sources */,
				FDC060341EB8D9D5007C6A71 /* EspandableButton.swift in Sources */,
				FDC89DFA1EBA4A2B004D3F9F /* DismissAnimator.swift in Sources */,
			);
			runOnlyForDeploymentPostprocessing = 0;
		};
/* End PBXSourcesBuildPhase section */

/* Begin PBXVariantGroup section */
		FD5F9F471EA776A300BD79B1 /* Auth.storyboard */ = {
			isa = PBXVariantGroup;
			children = (
				FD5F9F481EA776A300BD79B1 /* Base */,
			);
			name = Auth.storyboard;
			sourceTree = "<group>";
		};
		FD5F9F4C1EA776A300BD79B1 /* LaunchScreen.storyboard */ = {
			isa = PBXVariantGroup;
			children = (
				FD5F9F4D1EA776A300BD79B1 /* Base */,
			);
			name = LaunchScreen.storyboard;
			sourceTree = "<group>";
		};
/* End PBXVariantGroup section */

/* Begin XCBuildConfiguration section */
		FD5F9F501EA776A300BD79B1 /* Debug */ = {
			isa = XCBuildConfiguration;
			buildSettings = {
				ALWAYS_SEARCH_USER_PATHS = NO;
				CLANG_ANALYZER_NONNULL = YES;
				CLANG_ANALYZER_NUMBER_OBJECT_CONVERSION = YES_AGGRESSIVE;
				CLANG_CXX_LANGUAGE_STANDARD = "gnu++0x";
				CLANG_CXX_LIBRARY = "libc++";
				CLANG_ENABLE_MODULES = YES;
				CLANG_ENABLE_OBJC_ARC = YES;
				CLANG_WARN_BOOL_CONVERSION = YES;
				CLANG_WARN_CONSTANT_CONVERSION = YES;
				CLANG_WARN_DIRECT_OBJC_ISA_USAGE = YES_ERROR;
				CLANG_WARN_DOCUMENTATION_COMMENTS = YES;
				CLANG_WARN_EMPTY_BODY = YES;
				CLANG_WARN_ENUM_CONVERSION = YES;
				CLANG_WARN_INFINITE_RECURSION = YES;
				CLANG_WARN_INT_CONVERSION = YES;
				CLANG_WARN_OBJC_ROOT_CLASS = YES_ERROR;
				CLANG_WARN_SUSPICIOUS_MOVE = YES;
				CLANG_WARN_UNREACHABLE_CODE = YES;
				CLANG_WARN__DUPLICATE_METHOD_MATCH = YES;
				"CODE_SIGN_IDENTITY[sdk=iphoneos*]" = "iPhone Developer";
				COPY_PHASE_STRIP = NO;
				DEBUG_INFORMATION_FORMAT = dwarf;
				ENABLE_STRICT_OBJC_MSGSEND = YES;
				ENABLE_TESTABILITY = YES;
				GCC_C_LANGUAGE_STANDARD = gnu99;
				GCC_DYNAMIC_NO_PIC = NO;
				GCC_NO_COMMON_BLOCKS = YES;
				GCC_OPTIMIZATION_LEVEL = 0;
				GCC_PREPROCESSOR_DEFINITIONS = (
					"DEBUG=1",
					"$(inherited)",
				);
				GCC_WARN_64_TO_32_BIT_CONVERSION = YES;
				GCC_WARN_ABOUT_RETURN_TYPE = YES_ERROR;
				GCC_WARN_UNDECLARED_SELECTOR = YES;
				GCC_WARN_UNINITIALIZED_AUTOS = YES_AGGRESSIVE;
				GCC_WARN_UNUSED_FUNCTION = YES;
				GCC_WARN_UNUSED_VARIABLE = YES;
				IPHONEOS_DEPLOYMENT_TARGET = 10.3;
				MTL_ENABLE_DEBUG_INFO = YES;
				ONLY_ACTIVE_ARCH = YES;
				SDKROOT = iphoneos;
				SWIFT_ACTIVE_COMPILATION_CONDITIONS = DEBUG;
				SWIFT_OPTIMIZATION_LEVEL = "-Onone";
			};
			name = Debug;
		};
		FD5F9F511EA776A300BD79B1 /* Release */ = {
			isa = XCBuildConfiguration;
			buildSettings = {
				ALWAYS_SEARCH_USER_PATHS = NO;
				CLANG_ANALYZER_NONNULL = YES;
				CLANG_ANALYZER_NUMBER_OBJECT_CONVERSION = YES_AGGRESSIVE;
				CLANG_CXX_LANGUAGE_STANDARD = "gnu++0x";
				CLANG_CXX_LIBRARY = "libc++";
				CLANG_ENABLE_MODULES = YES;
				CLANG_ENABLE_OBJC_ARC = YES;
				CLANG_WARN_BOOL_CONVERSION = YES;
				CLANG_WARN_CONSTANT_CONVERSION = YES;
				CLANG_WARN_DIRECT_OBJC_ISA_USAGE = YES_ERROR;
				CLANG_WARN_DOCUMENTATION_COMMENTS = YES;
				CLANG_WARN_EMPTY_BODY = YES;
				CLANG_WARN_ENUM_CONVERSION = YES;
				CLANG_WARN_INFINITE_RECURSION = YES;
				CLANG_WARN_INT_CONVERSION = YES;
				CLANG_WARN_OBJC_ROOT_CLASS = YES_ERROR;
				CLANG_WARN_SUSPICIOUS_MOVE = YES;
				CLANG_WARN_UNREACHABLE_CODE = YES;
				CLANG_WARN__DUPLICATE_METHOD_MATCH = YES;
				"CODE_SIGN_IDENTITY[sdk=iphoneos*]" = "iPhone Developer";
				COPY_PHASE_STRIP = NO;
				DEBUG_INFORMATION_FORMAT = "dwarf-with-dsym";
				ENABLE_NS_ASSERTIONS = NO;
				ENABLE_STRICT_OBJC_MSGSEND = YES;
				GCC_C_LANGUAGE_STANDARD = gnu99;
				GCC_NO_COMMON_BLOCKS = YES;
				GCC_WARN_64_TO_32_BIT_CONVERSION = YES;
				GCC_WARN_ABOUT_RETURN_TYPE = YES_ERROR;
				GCC_WARN_UNDECLARED_SELECTOR = YES;
				GCC_WARN_UNINITIALIZED_AUTOS = YES_AGGRESSIVE;
				GCC_WARN_UNUSED_FUNCTION = YES;
				GCC_WARN_UNUSED_VARIABLE = YES;
				IPHONEOS_DEPLOYMENT_TARGET = 10.3;
				MTL_ENABLE_DEBUG_INFO = NO;
				SDKROOT = iphoneos;
				SWIFT_OPTIMIZATION_LEVEL = "-Owholemodule";
				VALIDATE_PRODUCT = YES;
			};
			name = Release;
		};
		FD5F9F531EA776A300BD79B1 /* Debug */ = {
			isa = XCBuildConfiguration;
			baseConfigurationReference = 91E6D5B414977C880C7C4136 /* Pods-kulon.debug.xcconfig */;
			buildSettings = {
				ALWAYS_EMBED_SWIFT_STANDARD_LIBRARIES = YES;
				ASSETCATALOG_COMPILER_APPICON_NAME = AppIcon;
				DEVELOPMENT_TEAM = Y2V78VDHEV;
				INFOPLIST_FILE = kulon/Info.plist;
				IPHONEOS_DEPLOYMENT_TARGET = 10.0;
				LD_RUNPATH_SEARCH_PATHS = "$(inherited) @executable_path/Frameworks";
				PRODUCT_BUNDLE_IDENTIFIER = jufy.kulon;
				PRODUCT_NAME = "$(TARGET_NAME)";
				SWIFT_VERSION = 3.0;
			};
			name = Debug;
		};
		FD5F9F541EA776A300BD79B1 /* Release */ = {
			isa = XCBuildConfiguration;
			baseConfigurationReference = 72BB98DF18CBD9B63AF9681F /* Pods-kulon.release.xcconfig */;
			buildSettings = {
				ALWAYS_EMBED_SWIFT_STANDARD_LIBRARIES = YES;
				ASSETCATALOG_COMPILER_APPICON_NAME = AppIcon;
				DEVELOPMENT_TEAM = Y2V78VDHEV;
				INFOPLIST_FILE = kulon/Info.plist;
				IPHONEOS_DEPLOYMENT_TARGET = 10.0;
				LD_RUNPATH_SEARCH_PATHS = "$(inherited) @executable_path/Frameworks";
				PRODUCT_BUNDLE_IDENTIFIER = jufy.kulon;
				PRODUCT_NAME = "$(TARGET_NAME)";
				SWIFT_VERSION = 3.0;
			};
			name = Release;
		};
/* End XCBuildConfiguration section */

/* Begin XCConfigurationList section */
		FD5F9F391EA776A200BD79B1 /* Build configuration list for PBXProject "kulon" */ = {
			isa = XCConfigurationList;
			buildConfigurations = (
				FD5F9F501EA776A300BD79B1 /* Debug */,
				FD5F9F511EA776A300BD79B1 /* Release */,
			);
			defaultConfigurationIsVisible = 0;
			defaultConfigurationName = Release;
		};
		FD5F9F521EA776A300BD79B1 /* Build configuration list for PBXNativeTarget "kulon" */ = {
			isa = XCConfigurationList;
			buildConfigurations = (
				FD5F9F531EA776A300BD79B1 /* Debug */,
				FD5F9F541EA776A300BD79B1 /* Release */,
			);
			defaultConfigurationIsVisible = 0;
			defaultConfigurationName = Release;
		};
/* End XCConfigurationList section */
	};
	rootObject = FD5F9F361EA776A200BD79B1 /* Project object */;
}
